<?xml version="1.0" encoding="utf-8"?>
<Project ToolsVersion="4.0" xmlns="http://schemas.microsoft.com/developer/msbuild/2003" xmlns:user="urn:my-scripts">
  <ItemGroup>
    <Filter Include="Source Files">
      <UniqueIdentifier>{4FC737F1-C7A5-4376-A066-2A32D752A2FF}</UniqueIdentifier>
      <Extensions>cpp;c;cc;cxx;def;odl;idl;hpj;bat;asm;asmx</Extensions>
    </Filter>
    <Filter Include="Header Files">
      <UniqueIdentifier>{93995380-89BD-4b04-88EB-625FBE52EBFB}</UniqueIdentifier>
      <Extensions>h;hpp;hxx;hm;inl;inc;xsd</Extensions>
    </Filter>
    <Filter Include="Resource Files">
      <UniqueIdentifier>{67DA6AB6-F800-4c08-8B7A-83BB121AAD01}</UniqueIdentifier>
      <Extensions>rc;ico;cur;bmp;dlg;rc2;rct;bin;rgs;gif;jpg;jpeg;jpe;resx;tiff;tif;png;wav;mfcribbon-ms</Extensions>
    </Filter>
  </ItemGroup>
  <ItemGroup>
    <ClCompile Include="sdcard_test.cpp">
      <Filter>Source Files</Filter>
    </ClCompile>
    <ClCompile Include="SDdetect.cpp">
      <Filter>Source Files</Filter>
    </ClCompile>
    <ClCompile Include="SDInit.cpp">
      <Filter>Source Files</Filter>
    </ClCompile>
    <ClCompile Include="SDHostRegisters.cpp">
      <Filter>Source Files</Filter>
    </ClCompile>
    <ClCompile Include="SDLockUnlock.cpp">
      <Filter>Source Files</Filter>
    </ClCompile>
    <ClCompile Include="SDForceErase.cpp">
      <Filter>Source Files</Filter>
    </ClCompile>
    <ClCompile Include="SDSleepState.cpp">
      <Filter>Source Files</Filter>
    </ClCompile>
    <ClCompile Include="SDHCSDXCpioReadWrite.cpp">
      <Filter>Source Files</Filter>
    </ClCompile>
    <ClCompile Include="SDDataErase.cpp">
      <Filter>Source Files</Filter>
    </ClCompile>
    <ClCompile Include="SDsdmaReadWrite.cpp">
      <Filter>Source Files</Filter>
    </ClCompile>
    <ClCompile Include="SDadmaReadWrite.cpp">
      <Filter>Source Files</Filter>
    </ClCompile>
    <ClCompile Include="SDSoftwareReset.cpp">
      <Filter>Source Files</Filter>
    </ClCompile>
    <ClCompile Include="SDCardRegisters.cpp">
      <Filter>Source Files</Filter>
    </ClCompile>
    <ClCompile Include="SDWriteProtect.cpp">
      <Filter>Source Files</Filter>
    </ClCompile>
    <ClCompile Include="SDSwitchFuntion.cpp">
      <Filter>Source Files</Filter>
    </ClCompile>
    <ClCompile Include="SDForceEvent.cpp">
      <Filter>Source Files</Filter>
    </ClCompile>
    <ClCompile Include="SDCardSDStatus.cpp">
      <Filter>Source Files</Filter>
    </ClCompile>
    <ClCompile Include="SDVoltageSwitch.cpp">
      <Filter>Source Files</Filter>
    </ClCompile>
    <ClCompile Include="SDCardLEDControl.cpp">
      <Filter>Source Files</Filter>
    </ClCompile>
    <ClCompile Include="SDDiffrentSpeedMode.cpp">
      <Filter>Source Files</Filter>
    </ClCompile>
    <ClCompile Include="SDPowerPin.cpp">
      <Filter>Source Files</Filter>
    </ClCompile>
    <ClCompile Include="SDTuningProcedureTest.cpp">
      <Filter>Source Files</Filter>
    </ClCompile>
    <ClCompile Include="SDPresetValue.cpp">
      <Filter>Source Files</Filter>
    </ClCompile>
    <ClCompile Include="SDDeviceIdChange.cpp">
      <Filter>Source Files</Filter>
    </ClCompile>
    <ClCompile Include="SDCardInsertSimulation.cpp">
      <Filter>Source Files</Filter>
    </ClCompile>
    <ClCompile Include="SDCardBackdoorOverwrite.cpp">
      <Filter>Source Files</Filter>
    </ClCompile>
    <ClCompile Include="SDCardFifoTest.cpp">
      <Filter>Source Files</Filter>
    </ClCompile>
    <ClCompile Include="SDFeedBackClock.cpp">
      <Filter>Source Files</Filter>
    </ClCompile>
    <ClCompile Include="SDAbortTransaction.cpp">
      <Filter>Source Files</Filter>
    </ClCompile>
    <ClCompile Include="SDCardMiscCommand.cpp">
      <Filter>Source Files</Filter>
    </ClCompile>
    <ClCompile Include="SDPciDeviceClassRW.cpp">
      <Filter>Source Files</Filter>
    </ClCompile>
    <ClCompile Include="SDMsi_Intx.cpp">
      <Filter>Source Files</Filter>
    </ClCompile>
    <ClCompile Include="SDAlink_ClockGating.cpp">
      <Filter>Source Files</Filter>
    </ClCompile>
    <ClCompile Include="SDMemPowerSaving.cpp">
      <Filter>Source Files</Filter>
    </ClCompile>
    <ClCompile Include="SDDiffrentTuningModeTest.cpp">
      <Filter>Source Files</Filter>
    </ClCompile>
    <ClCompile Include="SDCardAutoCMD23.cpp">
      <Filter>Source Files</Filter>
    </ClCompile>
    <ClCompile Include="SDIO_test.cpp">
      <Filter>Source Files</Filter>
    </ClCompile>
    <ClCompile Include="SDError_recovery.cpp">
      <Filter>Source Files</Filter>
    </ClCompile>
    <ClCompile Include="SDClockFreqCalculation.cpp">
      <Filter>Source Files</Filter>
    </ClCompile>
  </ItemGroup>
  <ItemGroup />
</Project>